lockfileVersion: '9.0'

settings:
  autoInstallPeers: true
  excludeLinksFromLockfile: false

importers:

  .:
    devDependencies:
      gitleaks:
        specifier: ^1.0.0
        version: 1.0.0
      husky:
        specifier: ^9.1.7
        version: 9.1.7

packages:

  gitleaks@1.0.0:
    resolution: {integrity: sha512-mTtKkWCAeHnTiBmRzjKnot8D8zX/JVDuRffuvSCr+z93vuBXygeifGZ7lXOB8Hjxto+DikSoF0XXfxntd1BZSQ==}

  husky@9.1.7:
    resolution: {integrity: sha512-5gs5ytaNjBrh5Ow3zrvdUUY+0VxIuWVL4i9irt6friV+BqdCfmV11CQTWMiBYWHbXhco+J1kHfTOUkePhCDvMA==}
    engines: {node: '>=18'}
    hasBin: true

snapshots:

  gitleaks@1.0.0: {}

  husky@9.1.7: {}
